
Microsoft Visual Studio Solution File, Format Version 12.00
# Visual Studio Version 17
VisualStudioVersion = 17.13.35825.156
MinimumVisualStudioVersion = 10.0.40219.1
Project("{F184B08F-C81C-45F6-A57F-5ABD9991F28F}") = "LokiLoad.Test", "LokiLoad.Test\LokiLoad.Test.vbproj", "{B7E7F4BE-0F05-4401-965D-EA1F5C261724}"
EndProject
Project("{F184B08F-C81C-45F6-A57F-5ABD9991F28F}") = "LokiLoad.Test.Tests", "LokiLoad.Test.Tests\LokiLoad.Test.Tests.vbproj", "{EC85B078-F2CA-444A-B2F2-995D56058FB9}"
EndProject
Global
	GlobalSection(SolutionConfigurationPlatforms) = preSolution
		Debug|Any CPU = Debug|Any CPU
		Release|Any CPU = Release|Any CPU
	EndGlobalSection
	GlobalSection(ProjectConfigurationPlatforms) = postSolution
		{B7E7F4BE-0F05-4401-965D-EA1F5C261724}.Debug|Any CPU.ActiveCfg = Debug|Any CPU
		{B7E7F4BE-0F05-4401-965D-EA1F5C261724}.Debug|Any CPU.Build.0 = Debug|Any CPU
		{B7E7F4BE-0F05-4401-965D-EA1F5C261724}.Release|Any CPU.ActiveCfg = Release|Any CPU
		{B7E7F4BE-0F05-4401-965D-EA1F5C261724}.Release|Any CPU.Build.0 = Release|Any CPU
		{EC85B078-F2CA-444A-B2F2-995D56058FB9}.Debug|Any CPU.ActiveCfg = Debug|Any CPU
		{EC85B078-F2CA-444A-B2F2-995D56058FB9}.Debug|Any CPU.Build.0 = Debug|Any CPU
		{EC85B078-F2CA-444A-B2F2-995D56058FB9}.Release|Any CPU.ActiveCfg = Release|Any CPU
		{EC85B078-F2CA-444A-B2F2-995D56058FB9}.Release|Any CPU.Build.0 = Release|Any CPU
	EndGlobalSection
	GlobalSection(SolutionProperties) = preSolution
		HideSolutionNode = FALSE
	EndGlobalSection
	GlobalSection(ExtensibilityGlobals) = postSolution
		SolutionGuid = {D424819F-A42A-4CA0-9FFA-AE4B02FEE199}
	EndGlobalSection
EndGlobal
